// !$*UTF8*$!
{
	archiveVersion = 1;
	classes = {
	};
	objectVersion = 46;
	objects = {

/* Begin PBXBuildFile section */
		0A16C17A1A86C7D800A2BEA6 /* TankRecords.m in Sources */ = {isa = PBXBuildFile; fileRef = 0A16C1791A86C7D800A2BEA6 /* TankRecords.m */; };
		0A16C17D1A86C7F100A2BEA6 /* GasStat.m in Sources */ = {isa = PBXBuildFile; fileRef = 0A16C17C1A86C7F100A2BEA6 /* GasStat.m */; };
		0A16C1801A86C80100A2BEA6 /* GasBill.m in Sources */ = {isa = PBXBuildFile; fileRef = 0A16C17F1A86C80100A2BEA6 /* GasBill.m */; };
		0A16C1861A86C83A00A2BEA6 /* EPAData.m in Sources */ = {isa = PBXBuildFile; fileRef = 0A16C1851A86C83A00A2BEA6 /* EPAData.m */; };
		0A16C1891A86C84B00A2BEA6 /* Driver.m in Sources */ = {isa = PBXBuildFile; fileRef = 0A16C1881A86C84B00A2BEA6 /* Driver.m */; };
		0A16C1901A870AB000A2BEA6 /* Car.m in Sources */ = {isa = PBXBuildFile; fileRef = 0A16C18F1A870AB000A2BEA6 /* Car.m */; };
		0A3C7FA91A81292D000048CC /* modern-gas_pump.png in Resources */ = {isa = PBXBuildFile; fileRef = 0A3C7FA31A81292D000048CC /* modern-gas_pump.png */; };
		0A3C7FAA1A81292D000048CC /* odometericon.png in Resources */ = {isa = PBXBuildFile; fileRef = 0A3C7FA41A81292D000048CC /* odometericon.png */; };
		0A3C7FAB1A81292D000048CC /* oldschool-gaspump.png in Resources */ = {isa = PBXBuildFile; fileRef = 0A3C7FA51A81292D000048CC /* oldschool-gaspump.png */; };
		0A3C7FAC1A81292D000048CC /* Red-Dodge-Charger.jpg in Resources */ = {isa = PBXBuildFile; fileRef = 0A3C7FA61A81292D000048CC /* Red-Dodge-Charger.jpg */; };
		0A3C7FAD1A81292D000048CC /* speedometer-hi.png in Resources */ = {isa = PBXBuildFile; fileRef = 0A3C7FA71A81292D000048CC /* speedometer-hi.png */; };
		0A3C7FAE1A81292D000048CC /* Trophy.png in Resources */ = {isa = PBXBuildFile; fileRef = 0A3C7FA81A81292D000048CC /* Trophy.png */; };
		0A3C7FB01A812939000048CC /* Color-Gas-Pump.png in Resources */ = {isa = PBXBuildFile; fileRef = 0A3C7FAF1A812939000048CC /* Color-Gas-Pump.png */; };
		57720B201A8066FC00D3FD9A /* AppDelegate.swift in Sources */ = {isa = PBXBuildFile; fileRef = 57720B1F1A8066FC00D3FD9A /* AppDelegate.swift */; };
		57720B231A8066FC00D3FD9A /* GasStats.xcdatamodeld in Sources */ = {isa = PBXBuildFile; fileRef = 57720B211A8066FC00D3FD9A /* GasStats.xcdatamodeld */; };
		57720B251A8066FC00D3FD9A /* ViewController.swift in Sources */ = {isa = PBXBuildFile; fileRef = 57720B241A8066FC00D3FD9A /* ViewController.swift */; };
		57720B2A1A8066FC00D3FD9A /* Images.xcassets in Resources */ = {isa = PBXBuildFile; fileRef = 57720B291A8066FC00D3FD9A /* Images.xcassets */; };
		57720B391A8066FC00D3FD9A /* GasStatsTests.swift in Sources */ = {isa = PBXBuildFile; fileRef = 57720B381A8066FC00D3FD9A /* GasStatsTests.swift */; };
		57720B491A80671C00D3FD9A /* AccountViewController.swift in Sources */ = {isa = PBXBuildFile; fileRef = 57720B421A80671C00D3FD9A /* AccountViewController.swift */; };
		57720B4A1A80671C00D3FD9A /* CarFuelLogViewController.swift in Sources */ = {isa = PBXBuildFile; fileRef = 57720B431A80671C00D3FD9A /* CarFuelLogViewController.swift */; };
		57720B4B1A80671C00D3FD9A /* CarViewController.swift in Sources */ = {isa = PBXBuildFile; fileRef = 57720B441A80671C00D3FD9A /* CarViewController.swift */; };
		57720B4C1A80671C00D3FD9A /* CompeteViewController.swift in Sources */ = {isa = PBXBuildFile; fileRef = 57720B451A80671C00D3FD9A /* CompeteViewController.swift */; };
		57720B4D1A80671C00D3FD9A /* FuelUpViewController.swift in Sources */ = {isa = PBXBuildFile; fileRef = 57720B461A80671C00D3FD9A /* FuelUpViewController.swift */; };
		57720B4E1A80671C00D3FD9A /* GarageViewController.swift in Sources */ = {isa = PBXBuildFile; fileRef = 57720B471A80671C00D3FD9A /* GarageViewController.swift */; };
		57720B4F1A80671C00D3FD9A /* HistoryViewController.swift in Sources */ = {isa = PBXBuildFile; fileRef = 57720B481A80671C00D3FD9A /* HistoryViewController.swift */; };
		57720B521A80675300D3FD9A /* LaunchScreen.xib in Resources */ = {isa = PBXBuildFile; fileRef = 57720B501A80675300D3FD9A /* LaunchScreen.xib */; };
		57720B531A80675300D3FD9A /* Main.storyboard in Resources */ = {isa = PBXBuildFile; fileRef = 57720B511A80675300D3FD9A /* Main.storyboard */; };
/* End PBXBuildFile section */

/* Begin PBXContainerItemProxy section */
		57720B331A8066FC00D3FD9A /* PBXContainerItemProxy */ = {
			isa = PBXContainerItemProxy;
			containerPortal = 57720B121A8066FC00D3FD9A /* Project object */;
			proxyType = 1;
			remoteGlobalIDString = 57720B191A8066FC00D3FD9A;
			remoteInfo = GasStats;
		};
/* End PBXContainerItemProxy section */

/* Begin PBXFileReference section */
		0A16C1781A86C7D800A2BEA6 /* TankRecords.h */ = {isa = PBXFileReference; fileEncoding = 4; lastKnownFileType = sourcecode.c.h; path = TankRecords.h; sourceTree = "<group>"; };
		0A16C1791A86C7D800A2BEA6 /* TankRecords.m */ = {isa = PBXFileReference; fileEncoding = 4; lastKnownFileType = sourcecode.c.objc; path = TankRecords.m; sourceTree = "<group>"; };
		0A16C17B1A86C7F100A2BEA6 /* GasStat.h */ = {isa = PBXFileReference; fileEncoding = 4; lastKnownFileType = sourcecode.c.h; path = GasStat.h; sourceTree = "<group>"; };
		0A16C17C1A86C7F100A2BEA6 /* GasStat.m */ = {isa = PBXFileReference; fileEncoding = 4; lastKnownFileType = sourcecode.c.objc; path = GasStat.m; sourceTree = "<group>"; };
		0A16C17E1A86C80100A2BEA6 /* GasBill.h */ = {isa = PBXFileReference; fileEncoding = 4; lastKnownFileType = sourcecode.c.h; path = GasBill.h; sourceTree = "<group>"; };
		0A16C17F1A86C80100A2BEA6 /* GasBill.m */ = {isa = PBXFileReference; fileEncoding = 4; lastKnownFileType = sourcecode.c.objc; path = GasBill.m; sourceTree = "<group>"; };
		0A16C1841A86C83A00A2BEA6 /* EPAData.h */ = {isa = PBXFileReference; fileEncoding = 4; lastKnownFileType = sourcecode.c.h; path = EPAData.h; sourceTree = "<group>"; };
		0A16C1851A86C83A00A2BEA6 /* EPAData.m */ = {isa = PBXFileReference; fileEncoding = 4; lastKnownFileType = sourcecode.c.objc; path = EPAData.m; sourceTree = "<group>"; };
		0A16C1871A86C84B00A2BEA6 /* Driver.h */ = {isa = PBXFileReference; fileEncoding = 4; lastKnownFileType = sourcecode.c.h; path = Driver.h; sourceTree = "<group>"; };
		0A16C1881A86C84B00A2BEA6 /* Driver.m */ = {isa = PBXFileReference; fileEncoding = 4; lastKnownFileType = sourcecode.c.objc; path = Driver.m; sourceTree = "<group>"; };
		0A16C18D1A86C87400A2BEA6 /* GasStats-Bridging-Header.h */ = {isa = PBXFileReference; lastKnownFileType = sourcecode.c.h; path = "GasStats-Bridging-Header.h"; sourceTree = "<group>"; };
		0A16C18E1A870AB000A2BEA6 /* Car.h */ = {isa = PBXFileReference; fileEncoding = 4; lastKnownFileType = sourcecode.c.h; path = Car.h; sourceTree = "<group>"; };
		0A16C18F1A870AB000A2BEA6 /* Car.m */ = {isa = PBXFileReference; fileEncoding = 4; lastKnownFileType = sourcecode.c.objc; path = Car.m; sourceTree = "<group>"; };
		0A3C7FA31A81292D000048CC /* modern-gas_pump.png */ = {isa = PBXFileReference; lastKnownFileType = image.png; path = "modern-gas_pump.png"; sourceTree = "<group>"; };
		0A3C7FA41A81292D000048CC /* odometericon.png */ = {isa = PBXFileReference; lastKnownFileType = image.png; path = odometericon.png; sourceTree = "<group>"; };
		0A3C7FA51A81292D000048CC /* oldschool-gaspump.png */ = {isa = PBXFileReference; lastKnownFileType = image.png; path = "oldschool-gaspump.png"; sourceTree = "<group>"; };
		0A3C7FA61A81292D000048CC /* Red-Dodge-Charger.jpg */ = {isa = PBXFileReference; lastKnownFileType = image.jpeg; path = "Red-Dodge-Charger.jpg"; sourceTree = "<group>"; };
		0A3C7FA71A81292D000048CC /* speedometer-hi.png */ = {isa = PBXFileReference; lastKnownFileType = image.png; path = "speedometer-hi.png"; sourceTree = "<group>"; };
		0A3C7FA81A81292D000048CC /* Trophy.png */ = {isa = PBXFileReference; lastKnownFileType = image.png; path = Trophy.png; sourceTree = "<group>"; };
		0A3C7FAF1A812939000048CC /* Color-Gas-Pump.png */ = {isa = PBXFileReference; lastKnownFileType = image.png; path = "Color-Gas-Pump.png"; sourceTree = "<group>"; };
		57720B1A1A8066FC00D3FD9A /* GasStats.app */ = {isa = PBXFileReference; explicitFileType = wrapper.application; includeInIndex = 0; path = GasStats.app; sourceTree = BUILT_PRODUCTS_DIR; };
		57720B1E1A8066FC00D3FD9A /* Info.plist */ = {isa = PBXFileReference; lastKnownFileType = text.plist.xml; path = Info.plist; sourceTree = "<group>"; };
		57720B1F1A8066FC00D3FD9A /* AppDelegate.swift */ = {isa = PBXFileReference; lastKnownFileType = sourcecode.swift; path = AppDelegate.swift; sourceTree = "<group>"; };
		57720B221A8066FC00D3FD9A /* GasStats.xcdatamodel */ = {isa = PBXFileReference; lastKnownFileType = wrapper.xcdatamodel; path = GasStats.xcdatamodel; sourceTree = "<group>"; };
		57720B241A8066FC00D3FD9A /* ViewController.swift */ = {isa = PBXFileReference; lastKnownFileType = sourcecode.swift; path = ViewController.swift; sourceTree = "<group>"; };
		57720B291A8066FC00D3FD9A /* Images.xcassets */ = {isa = PBXFileReference; lastKnownFileType = folder.assetcatalog; path = Images.xcassets; sourceTree = "<group>"; };
		57720B321A8066FC00D3FD9A /* GasStatsTests.xctest */ = {isa = PBXFileReference; explicitFileType = wrapper.cfbundle; includeInIndex = 0; path = GasStatsTests.xctest; sourceTree = BUILT_PRODUCTS_DIR; };
		57720B371A8066FC00D3FD9A /* Info.plist */ = {isa = PBXFileReference; lastKnownFileType = text.plist.xml; path = Info.plist; sourceTree = "<group>"; };
		57720B381A8066FC00D3FD9A /* GasStatsTests.swift */ = {isa = PBXFileReference; lastKnownFileType = sourcecode.swift; path = GasStatsTests.swift; sourceTree = "<group>"; };
		57720B421A80671C00D3FD9A /* AccountViewController.swift */ = {isa = PBXFileReference; fileEncoding = 4; lastKnownFileType = sourcecode.swift; path = AccountViewController.swift; sourceTree = "<group>"; };
		57720B431A80671C00D3FD9A /* CarFuelLogViewController.swift */ = {isa = PBXFileReference; fileEncoding = 4; lastKnownFileType = sourcecode.swift; path = CarFuelLogViewController.swift; sourceTree = "<group>"; };
		57720B441A80671C00D3FD9A /* CarViewController.swift */ = {isa = PBXFileReference; fileEncoding = 4; lastKnownFileType = sourcecode.swift; path = CarViewController.swift; sourceTree = "<group>"; };
		57720B451A80671C00D3FD9A /* CompeteViewController.swift */ = {isa = PBXFileReference; fileEncoding = 4; lastKnownFileType = sourcecode.swift; path = CompeteViewController.swift; sourceTree = "<group>"; };
		57720B461A80671C00D3FD9A /* FuelUpViewController.swift */ = {isa = PBXFileReference; fileEncoding = 4; lastKnownFileType = sourcecode.swift; path = FuelUpViewController.swift; sourceTree = "<group>"; };
		57720B471A80671C00D3FD9A /* GarageViewController.swift */ = {isa = PBXFileReference; fileEncoding = 4; lastKnownFileType = sourcecode.swift; path = GarageViewController.swift; sourceTree = "<group>"; };
		57720B481A80671C00D3FD9A /* HistoryViewController.swift */ = {isa = PBXFileReference; fileEncoding = 4; lastKnownFileType = sourcecode.swift; path = HistoryViewController.swift; sourceTree = "<group>"; };
		57720B501A80675300D3FD9A /* LaunchScreen.xib */ = {isa = PBXFileReference; fileEncoding = 4; lastKnownFileType = file.xib; path = LaunchScreen.xib; sourceTree = "<group>"; };
		57720B511A80675300D3FD9A /* Main.storyboard */ = {isa = PBXFileReference; fileEncoding = 4; lastKnownFileType = file.storyboard; path = Main.storyboard; sourceTree = "<group>"; };
/* End PBXFileReference section */

/* Begin PBXFrameworksBuildPhase section */
		57720B171A8066FC00D3FD9A /* Frameworks */ = {
			isa = PBXFrameworksBuildPhase;
			buildActionMask = 2147483647;
			files = (
			);
			runOnlyForDeploymentPostprocessing = 0;
		};
		57720B2F1A8066FC00D3FD9A /* Frameworks */ = {
			isa = PBXFrameworksBuildPhase;
			buildActionMask = 2147483647;
			files = (
			);
			runOnlyForDeploymentPostprocessing = 0;
		};
/* End PBXFrameworksBuildPhase section */

/* Begin PBXGroup section */
		0A3C7F8D1A809ECF000048CC /* GasStatsModelObjects */ = {
			isa = PBXGroup;
			children = (
				0A16C1781A86C7D800A2BEA6 /* TankRecords.h */,
				0A16C1791A86C7D800A2BEA6 /* TankRecords.m */,
				0A16C17B1A86C7F100A2BEA6 /* GasStat.h */,
				0A16C17C1A86C7F100A2BEA6 /* GasStat.m */,
				0A16C17E1A86C80100A2BEA6 /* GasBill.h */,
				0A16C17F1A86C80100A2BEA6 /* GasBill.m */,
				0A16C1841A86C83A00A2BEA6 /* EPAData.h */,
				0A16C1851A86C83A00A2BEA6 /* EPAData.m */,
				0A16C1871A86C84B00A2BEA6 /* Driver.h */,
				0A16C1881A86C84B00A2BEA6 /* Driver.m */,
				0A16C18E1A870AB000A2BEA6 /* Car.h */,
				0A16C18F1A870AB000A2BEA6 /* Car.m */,
				0A16C18D1A86C87400A2BEA6 /* GasStats-Bridging-Header.h */,
			);
			name = GasStatsModelObjects;
			path = ..;
			sourceTree = "<group>";
		};
		0A3C7F8E1A809EE9000048CC /* GasStatsViewControllers */ = {
			isa = PBXGroup;
			children = (
				57720B421A80671C00D3FD9A /* AccountViewController.swift */,
				57720B431A80671C00D3FD9A /* CarFuelLogViewController.swift */,
				57720B441A80671C00D3FD9A /* CarViewController.swift */,
				57720B451A80671C00D3FD9A /* CompeteViewController.swift */,
				57720B461A80671C00D3FD9A /* FuelUpViewController.swift */,
				57720B471A80671C00D3FD9A /* GarageViewController.swift */,
				57720B481A80671C00D3FD9A /* HistoryViewController.swift */,
				57720B241A8066FC00D3FD9A /* ViewController.swift */,
			);
			name = GasStatsViewControllers;
			sourceTree = "<group>";
		};
		0A3C7FA21A812872000048CC /* ProjectImages */ = {
			isa = PBXGroup;
			children = (
				0A3C7FAF1A812939000048CC /* Color-Gas-Pump.png */,
				0A3C7FA31A81292D000048CC /* modern-gas_pump.png */,
				0A3C7FA41A81292D000048CC /* odometericon.png */,
				0A3C7FA51A81292D000048CC /* oldschool-gaspump.png */,
				0A3C7FA61A81292D000048CC /* Red-Dodge-Charger.jpg */,
				0A3C7FA71A81292D000048CC /* speedometer-hi.png */,
				0A3C7FA81A81292D000048CC /* Trophy.png */,
			);
			name = ProjectImages;
			sourceTree = "<group>";
		};
		57720B111A8066FC00D3FD9A = {
			isa = PBXGroup;
			children = (
				57720B1C1A8066FC00D3FD9A /* GasStats */,
				57720B351A8066FC00D3FD9A /* GasStatsTests */,
				57720B1B1A8066FC00D3FD9A /* Products */,
			);
			sourceTree = "<group>";
		};
		57720B1B1A8066FC00D3FD9A /* Products */ = {
			isa = PBXGroup;
			children = (
				57720B1A1A8066FC00D3FD9A /* GasStats.app */,
				57720B321A8066FC00D3FD9A /* GasStatsTests.xctest */,
			);
			name = Products;
			sourceTree = "<group>";
		};
		57720B1C1A8066FC00D3FD9A /* GasStats */ = {
			isa = PBXGroup;
			children = (
				0A3C7F8E1A809EE9000048CC /* GasStatsViewControllers */,
				0A3C7F8D1A809ECF000048CC /* GasStatsModelObjects */,
				57720B501A80675300D3FD9A /* LaunchScreen.xib */,
				57720B511A80675300D3FD9A /* Main.storyboard */,
				57720B1F1A8066FC00D3FD9A /* AppDelegate.swift */,
				57720B291A8066FC00D3FD9A /* Images.xcassets */,
				57720B211A8066FC00D3FD9A /* GasStats.xcdatamodeld */,
				57720B1D1A8066FC00D3FD9A /* Supporting Files */,
			);
			path = GasStats;
			sourceTree = "<group>";
		};
		57720B1D1A8066FC00D3FD9A /* Supporting Files */ = {
			isa = PBXGroup;
			children = (
				0A3C7FA21A812872000048CC /* ProjectImages */,
				57720B1E1A8066FC00D3FD9A /* Info.plist */,
			);
			name = "Supporting Files";
			sourceTree = "<group>";
		};
		57720B351A8066FC00D3FD9A /* GasStatsTests */ = {
			isa = PBXGroup;
			children = (
				57720B381A8066FC00D3FD9A /* GasStatsTests.swift */,
				57720B361A8066FC00D3FD9A /* Supporting Files */,
			);
			path = GasStatsTests;
			sourceTree = "<group>";
		};
		57720B361A8066FC00D3FD9A /* Supporting Files */ = {
			isa = PBXGroup;
			children = (
				57720B371A8066FC00D3FD9A /* Info.plist */,
			);
			name = "Supporting Files";
			sourceTree = "<group>";
		};
/* End PBXGroup section */

/* Begin PBXNativeTarget section */
		57720B191A8066FC00D3FD9A /* GasStats */ = {
			isa = PBXNativeTarget;
			buildConfigurationList = 57720B3C1A8066FC00D3FD9A /* Build configuration list for PBXNativeTarget "GasStats" */;
			buildPhases = (
				57720B161A8066FC00D3FD9A /* Sources */,
				57720B171A8066FC00D3FD9A /* Frameworks */,
				57720B181A8066FC00D3FD9A /* Resources */,
			);
			buildRules = (
			);
			dependencies = (
			);
			name = GasStats;
			productName = GasStats;
			productReference = 57720B1A1A8066FC00D3FD9A /* GasStats.app */;
			productType = "com.apple.product-type.application";
		};
		57720B311A8066FC00D3FD9A /* GasStatsTests */ = {
			isa = PBXNativeTarget;
			buildConfigurationList = 57720B3F1A8066FC00D3FD9A /* Build configuration list for PBXNativeTarget "GasStatsTests" */;
			buildPhases = (
				57720B2E1A8066FC00D3FD9A /* Sources */,
				57720B2F1A8066FC00D3FD9A /* Frameworks */,
				57720B301A8066FC00D3FD9A /* Resources */,
			);
			buildRules = (
			);
			dependencies = (
				57720B341A8066FC00D3FD9A /* PBXTargetDependency */,
			);
			name = GasStatsTests;
			productName = GasStatsTests;
			productReference = 57720B321A8066FC00D3FD9A /* GasStatsTests.xctest */;
			productType = "com.apple.product-type.bundle.unit-test";
		};
/* End PBXNativeTarget section */

/* Begin PBXProject section */
		57720B121A8066FC00D3FD9A /* Project object */ = {
			isa = PBXProject;
			attributes = {
				LastUpgradeCheck = 0610;
				ORGANIZATIONNAME = "Gordon Hazzard & Grant Smith";
				TargetAttributes = {
					57720B191A8066FC00D3FD9A = {
						CreatedOnToolsVersion = 6.1.1;
					};
					57720B311A8066FC00D3FD9A = {
						CreatedOnToolsVersion = 6.1.1;
						TestTargetID = 57720B191A8066FC00D3FD9A;
					};
				};
			};
			buildConfigurationList = 57720B151A8066FC00D3FD9A /* Build configuration list for PBXProject "GasStats" */;
			compatibilityVersion = "Xcode 3.2";
			developmentRegion = English;
			hasScannedForEncodings = 0;
			knownRegions = (
				en,
				Base,
			);
			mainGroup = 57720B111A8066FC00D3FD9A;
			productRefGroup = 57720B1B1A8066FC00D3FD9A /* Products */;
			projectDirPath = "";
			projectRoot = "";
			targets = (
				57720B191A8066FC00D3FD9A /* GasStats */,
				57720B311A8066FC00D3FD9A /* GasStatsTests */,
			);
		};
/* End PBXProject section */

/* Begin PBXResourcesBuildPhase section */
		57720B181A8066FC00D3FD9A /* Resources */ = {
			isa = PBXResourcesBuildPhase;
			buildActionMask = 2147483647;
			files = (
				0A3C7FAD1A81292D000048CC /* speedometer-hi.png in Resources */,
				0A3C7FA91A81292D000048CC /* modern-gas_pump.png in Resources */,
				57720B521A80675300D3FD9A /* LaunchScreen.xib in Resources */,
				57720B531A80675300D3FD9A /* Main.storyboard in Resources */,
				0A3C7FAE1A81292D000048CC /* Trophy.png in Resources */,
				0A3C7FAA1A81292D000048CC /* odometericon.png in Resources */,
				57720B2A1A8066FC00D3FD9A /* Images.xcassets in Resources */,
				0A3C7FB01A812939000048CC /* Color-Gas-Pump.png in Resources */,
				0A3C7FAC1A81292D000048CC /* Red-Dodge-Charger.jpg in Resources */,
				0A3C7FAB1A81292D000048CC /* oldschool-gaspump.png in Resources */,
			);
			runOnlyForDeploymentPostprocessing = 0;
		};
		57720B301A8066FC00D3FD9A /* Resources */ = {
			isa = PBXResourcesBuildPhase;
			buildActionMask = 2147483647;
			files = (
			);
			runOnlyForDeploymentPostprocessing = 0;
		};
/* End PBXResourcesBuildPhase section */

/* Begin PBXSourcesBuildPhase section */
		57720B161A8066FC00D3FD9A /* Sources */ = {
			isa = PBXSourcesBuildPhase;
			buildActionMask = 2147483647;
			files = (
				57720B251A8066FC00D3FD9A /* ViewController.swift in Sources */,
				57720B4B1A80671C00D3FD9A /* CarViewController.swift in Sources */,
				57720B4E1A80671C00D3FD9A /* GarageViewController.swift in Sources */,
				57720B4F1A80671C00D3FD9A /* HistoryViewController.swift in Sources */,
				0A16C1891A86C84B00A2BEA6 /* Driver.m in Sources */,
				57720B201A8066FC00D3FD9A /* AppDelegate.swift in Sources */,
				0A16C1901A870AB000A2BEA6 /* Car.m in Sources */,
				57720B491A80671C00D3FD9A /* AccountViewController.swift in Sources */,
				0A16C17A1A86C7D800A2BEA6 /* TankRecords.m in Sources */,
				57720B231A8066FC00D3FD9A /* GasStats.xcdatamodeld in Sources */,
				57720B4D1A80671C00D3FD9A /* FuelUpViewController.swift in Sources */,
				0A16C1801A86C80100A2BEA6 /* GasBill.m in Sources */,
				57720B4C1A80671C00D3FD9A /* CompeteViewController.swift in Sources */,
				57720B4A1A80671C00D3FD9A /* CarFuelLogViewController.swift in Sources */,
				0A16C1861A86C83A00A2BEA6 /* EPAData.m in Sources */,
				0A16C17D1A86C7F100A2BEA6 /* GasStat.m in Sources */,
			);
			runOnlyForDeploymentPostprocessing = 0;
		};
		57720B2E1A8066FC00D3FD9A /* Sources */ = {
			isa = PBXSourcesBuildPhase;
			buildActionMask = 2147483647;
			files = (
				57720B391A8066FC00D3FD9A /* GasStatsTests.swift in Sources */,
			);
			runOnlyForDeploymentPostprocessing = 0;
		};
/* End PBXSourcesBuildPhase section */

/* Begin PBXTargetDependency section */
		57720B341A8066FC00D3FD9A /* PBXTargetDependency */ = {
			isa = PBXTargetDependency;
			target = 57720B191A8066FC00D3FD9A /* GasStats */;
			targetProxy = 57720B331A8066FC00D3FD9A /* PBXContainerItemProxy */;
		};
/* End PBXTargetDependency section */

/* Begin XCBuildConfiguration section */
		57720B3A1A8066FC00D3FD9A /* Debug */ = {
			isa = XCBuildConfiguration;
			buildSettings = {
				ALWAYS_SEARCH_USER_PATHS = NO;
				CLANG_CXX_LANGUAGE_STANDARD = "gnu++0x";
				CLANG_CXX_LIBRARY = "libc++";
				CLANG_ENABLE_MODULES = YES;
				CLANG_ENABLE_OBJC_ARC = YES;
				CLANG_WARN_BOOL_CONVERSION = YES;
				CLANG_WARN_CONSTANT_CONVERSION = YES;
				CLANG_WARN_DIRECT_OBJC_ISA_USAGE = YES_ERROR;
				CLANG_WARN_EMPTY_BODY = YES;
				CLANG_WARN_ENUM_CONVERSION = YES;
				CLANG_WARN_INT_CONVERSION = YES;
				CLANG_WARN_OBJC_ROOT_CLASS = YES_ERROR;
				CLANG_WARN_UNREACHABLE_CODE = YES;
				CLANG_WARN__DUPLICATE_METHOD_MATCH = YES;
				"CODE_SIGN_IDENTITY[sdk=iphoneos*]" = "iPhone Developer";
				COPY_PHASE_STRIP = NO;
				ENABLE_STRICT_OBJC_MSGSEND = YES;
				GCC_C_LANGUAGE_STANDARD = gnu99;
				GCC_DYNAMIC_NO_PIC = NO;
				GCC_OPTIMIZATION_LEVEL = 0;
				GCC_PREPROCESSOR_DEFINITIONS = (
					"DEBUG=1",
					"$(inherited)",
				);
				GCC_SYMBOLS_PRIVATE_EXTERN = NO;
				GCC_WARN_64_TO_32_BIT_CONVERSION = YES;
				GCC_WARN_ABOUT_RETURN_TYPE = YES_ERROR;
				GCC_WARN_UNDECLARED_SELECTOR = YES;
				GCC_WARN_UNINITIALIZED_AUTOS = YES_AGGRESSIVE;
				GCC_WARN_UNUSED_FUNCTION = YES;
				GCC_WARN_UNUSED_VARIABLE = YES;
				IPHONEOS_DEPLOYMENT_TARGET = 8.1;
				MTL_ENABLE_DEBUG_INFO = YES;
				ONLY_ACTIVE_ARCH = YES;
				SDKROOT = iphoneos;
				SWIFT_OPTIMIZATION_LEVEL = "-Onone";
				TARGETED_DEVICE_FAMILY = "1,2";
			};
			name = Debug;
		};
		57720B3B1A8066FC00D3FD9A /* Release */ = {
			isa = XCBuildConfiguration;
			buildSettings = {
				ALWAYS_SEARCH_USER_PATHS = NO;
				CLANG_CXX_LANGUAGE_STANDARD = "gnu++0x";
				CLANG_CXX_LIBRARY = "libc++";
				CLANG_ENABLE_MODULES = YES;
				CLANG_ENABLE_OBJC_ARC = YES;
				CLANG_WARN_BOOL_CONVERSION = YES;
				CLANG_WARN_CONSTANT_CONVERSION = YES;
				CLANG_WARN_DIRECT_OBJC_ISA_USAGE = YES_ERROR;
				CLANG_WARN_EMPTY_BODY = YES;
				CLANG_WARN_ENUM_CONVERSION = YES;
				CLANG_WARN_INT_CONVERSION = YES;
				CLANG_WARN_OBJC_ROOT_CLASS = YES_ERROR;
				CLANG_WARN_UNREACHABLE_CODE = YES;
				CLANG_WARN__DUPLICATE_METHOD_MATCH = YES;
				"CODE_SIGN_IDENTITY[sdk=iphoneos*]" = "iPhone Developer";
				COPY_PHASE_STRIP = YES;
				ENABLE_NS_ASSERTIONS = NO;
				ENABLE_STRICT_OBJC_MSGSEND = YES;
				GCC_C_LANGUAGE_STANDARD = gnu99;
				GCC_WARN_64_TO_32_BIT_CONVERSION = YES;
				GCC_WARN_ABOUT_RETURN_TYPE = YES_ERROR;
				GCC_WARN_UNDECLARED_SELECTOR = YES;
				GCC_WARN_UNINITIALIZED_AUTOS = YES_AGGRESSIVE;
				GCC_WARN_UNUSED_FUNCTION = YES;
				GCC_WARN_UNUSED_VARIABLE = YES;
				IPHONEOS_DEPLOYMENT_TARGET = 8.1;
				MTL_ENABLE_DEBUG_INFO = NO;
				SDKROOT = iphoneos;
				TARGETED_DEVICE_FAMILY = "1,2";
				VALIDATE_PRODUCT = YES;
			};
			name = Release;
		};
		57720B3D1A8066FC00D3FD9A /* Debug */ = {
			isa = XCBuildConfiguration;
			buildSettings = {
				ASSETCATALOG_COMPILER_APPICON_NAME = AppIcon;
				CLANG_ENABLE_MODULES = YES;
				INFOPLIST_FILE = GasStats/Info.plist;
				LD_RUNPATH_SEARCH_PATHS = "$(inherited) @executable_path/Frameworks";
				PRODUCT_NAME = "$(TARGET_NAME)";
				SWIFT_OBJC_BRIDGING_HEADER = "GasStats-Bridging-Header.h";
				SWIFT_OPTIMIZATION_LEVEL = "-Onone";
				TARGETED_DEVICE_FAMILY = "1,2";
			};
			name = Debug;
		};
		57720B3E1A8066FC00D3FD9A /* Release */ = {
			isa = XCBuildConfiguration;
			buildSettings = {
				ASSETCATALOG_COMPILER_APPICON_NAME = AppIcon;
				CLANG_ENABLE_MODULES = YES;
				INFOPLIST_FILE = GasStats/Info.plist;
				LD_RUNPATH_SEARCH_PATHS = "$(inherited) @executable_path/Frameworks";
				PRODUCT_NAME = "$(TARGET_NAME)";
				SWIFT_OBJC_BRIDGING_HEADER = "GasStats-Bridging-Header.h";
				TARGETED_DEVICE_FAMILY = "1,2";
			};
			name = Release;
		};
		57720B401A8066FC00D3FD9A /* Debug */ = {
			isa = XCBuildConfiguration;
			buildSettings = {
				BUNDLE_LOADER = "$(TEST_HOST)";
				FRAMEWORK_SEARCH_PATHS = (
					"$(SDKROOT)/Developer/Library/Frameworks",
					"$(inherited)",
				);
				GCC_PREPROCESSOR_DEFINITIONS = (
					"DEBUG=1",
					"$(inherited)",
				);
				INFOPLIST_FILE = GasStatsTests/Info.plist;
				LD_RUNPATH_SEARCH_PATHS = "$(inherited) @executable_path/Frameworks @loader_path/Frameworks";
				PRODUCT_NAME = "$(TARGET_NAME)";
				TEST_HOST = "$(BUILT_PRODUCTS_DIR)/GasStats.app/GasStats";
			};
			name = Debug;
		};
		57720B411A8066FC00D3FD9A /* Release */ = {
			isa = XCBuildConfiguration;
			buildSettings = {
				BUNDLE_LOADER = "$(TEST_HOST)";
				FRAMEWORK_SEARCH_PATHS = (
					"$(SDKROOT)/Developer/Library/Frameworks",
					"$(inherited)",
				);
				INFOPLIST_FILE = GasStatsTests/Info.plist;
				LD_RUNPATH_SEARCH_PATHS = "$(inherited) @executable_path/Frameworks @loader_path/Frameworks";
				PRODUCT_NAME = "$(TARGET_NAME)";
				TEST_HOST = "$(BUILT_PRODUCTS_DIR)/GasStats.app/GasStats";
			};
			name = Release;
		};
/* End XCBuildConfiguration section */

/* Begin XCConfigurationList section */
		57720B151A8066FC00D3FD9A /* Build configuration list for PBXProject "GasStats" */ = {
			isa = XCConfigurationList;
			buildConfigurations = (
				57720B3A1A8066FC00D3FD9A /* Debug */,
				57720B3B1A8066FC00D3FD9A /* Release */,
			);
			defaultConfigurationIsVisible = 0;
			defaultConfigurationName = Release;
		};
		57720B3C1A8066FC00D3FD9A /* Build configuration list for PBXNativeTarget "GasStats" */ = {
			isa = XCConfigurationList;
			buildConfigurations = (
				57720B3D1A8066FC00D3FD9A /* Debug */,
				57720B3E1A8066FC00D3FD9A /* Release */,
			);
			defaultConfigurationIsVisible = 0;
			defaultConfigurationName = Release;
		};
		57720B3F1A8066FC00D3FD9A /* Build configuration list for PBXNativeTarget "GasStatsTests" */ = {
			isa = XCConfigurationList;
			buildConfigurations = (
				57720B401A8066FC00D3FD9A /* Debug */,
				57720B411A8066FC00D3FD9A /* Release */,
			);
			defaultConfigurationIsVisible = 0;
			defaultConfigurationName = Release;
		};
/* End XCConfigurationList section */

/* Begin XCVersionGroup section */
		57720B211A8066FC00D3FD9A /* GasStats.xcdatamodeld */ = {
			isa = XCVersionGroup;
			children = (
				57720B221A8066FC00D3FD9A /* GasStats.xcdatamodel */,
			);
			currentVersion = 57720B221A8066FC00D3FD9A /* GasStats.xcdatamodel */;
			path = GasStats.xcdatamodeld;
			sourceTree = "<group>";
			versionGroupType = wrapper.xcdatamodel;
		};
/* End XCVersionGroup section */
	};
	rootObject = 57720B121A8066FC00D3FD9A /* Project object */;
}
